
Microsoft Visual Studio Solution File, Format Version 12.00
# Visual Studio Version 16
VisualStudioVersion = 16.0.30611.23
MinimumVisualStudioVersion = 10.0.40219.1
Project("{FAE04EC0-301F-11D3-BF4B-00C04F79EFBC}") = "Linqqq", "Linqqq\Linqqq.csproj", "{7AA27049-D388-4B16-819A-92EDC2F3CFDF}"
EndProject
Global
	GlobalSection(SolutionConfigurationPlatforms) = preSolution
		Debug|Any CPU = Debug|Any CPU
		Release|Any CPU = Release|Any CPU
	EndGlobalSection
	GlobalSection(ProjectConfigurationPlatforms) = postSolution
		{7AA27049-D388-4B16-819A-92EDC2F3CFDF}.Debug|Any CPU.ActiveCfg = Debug|Any CPU
		{7AA27049-D388-4B16-819A-92EDC2F3CFDF}.Debug|Any CPU.Build.0 = Debug|Any CPU
		{7AA27049-D388-4B16-819A-92EDC2F3CFDF}.Release|Any CPU.ActiveCfg = Release|Any CPU
		{7AA27049-D388-4B16-819A-92EDC2F3CFDF}.Release|Any CPU.Build.0 = Release|Any CPU
	EndGlobalSection
	GlobalSection(SolutionProperties) = preSolution
		HideSolutionNode = FALSE
	EndGlobalSection
	GlobalSection(ExtensibilityGlobals) = postSolution
		SolutionGuid = {DE27E311-34A6-4A03-9CB7-D3CADCC5FAF6}
	EndGlobalSection
EndGlobal
